
Microsoft Visual Studio Solution File, Format Version 12.00
# Visual Studio Version 17
VisualStudioVersion = 17.4.33205.214
MinimumVisualStudioVersion = 10.0.40219.1
Project("{8BC9CEB8-8B4A-11D0-8D11-00A0C91BC942}") = "JonMon", "JonMon.vcxproj", "{27DCE7FD-EC60-49F7-9245-A39DE05E7056}"
EndProject
Project("{8BC9CEB8-8B4A-11D0-8D11-00A0C91BC942}") = "JonMon-Service", "..\JonMon-Service\JonMon-Service.vcxproj", "{BF810292-3774-41A4-B51E-CEF92E26894A}"
EndProject
Project("{8BC9CEB8-8B4A-11D0-8D11-00A0C91BC942}") = "JonMon-Ext1", "..\Extensions\Extension1\JonMon-Ext1\JonMon-Ext1.vcxproj", "{BD72F0C3-DBD8-4BA2-8FF9-7F357F9232B1}"
EndProject
Global
	GlobalSection(SolutionConfigurationPlatforms) = preSolution
		Debug|ARM64 = Debug|ARM64
		Debug|x64 = Debug|x64
		Debug|x86 = Debug|x86
		Release|ARM64 = Release|ARM64
		Release|x64 = Release|x64
		Release|x86 = Release|x86
	EndGlobalSection
	GlobalSection(ProjectConfigurationPlatforms) = postSolution
		{27DCE7FD-EC60-49F7-9245-A39DE05E7056}.Debug|ARM64.ActiveCfg = Debug|ARM64
		{27DCE7FD-EC60-49F7-9245-A39DE05E7056}.Debug|ARM64.Build.0 = Debug|ARM64
		{27DCE7FD-EC60-49F7-9245-A39DE05E7056}.Debug|ARM64.Deploy.0 = Debug|ARM64
		{27DCE7FD-EC60-49F7-9245-A39DE05E7056}.Debug|x64.ActiveCfg = Debug|x64
		{27DCE7FD-EC60-49F7-9245-A39DE05E7056}.Debug|x64.Build.0 = Debug|x64
		{27DCE7FD-EC60-49F7-9245-A39DE05E7056}.Debug|x64.Deploy.0 = Debug|x64
		{27DCE7FD-EC60-49F7-9245-A39DE05E7056}.Debug|x86.ActiveCfg = Debug|x64
		{27DCE7FD-EC60-49F7-9245-A39DE05E7056}.Debug|x86.Build.0 = Debug|x64
		{27DCE7FD-EC60-49F7-9245-A39DE05E7056}.Debug|x86.Deploy.0 = Debug|x64
		{27DCE7FD-EC60-49F7-9245-A39DE05E7056}.Release|ARM64.ActiveCfg = Release|ARM64
		{27DCE7FD-EC60-49F7-9245-A39DE05E7056}.Release|ARM64.Build.0 = Release|ARM64
		{27DCE7FD-EC60-49F7-9245-A39DE05E7056}.Release|ARM64.Deploy.0 = Release|ARM64
		{27DCE7FD-EC60-49F7-9245-A39DE05E7056}.Release|x64.ActiveCfg = Release|x64
		{27DCE7FD-EC60-49F7-9245-A39DE05E7056}.Release|x64.Build.0 = Release|x64
		{27DCE7FD-EC60-49F7-9245-A39DE05E7056}.Release|x64.Deploy.0 = Release|x64
		{27DCE7FD-EC60-49F7-9245-A39DE05E7056}.Release|x86.ActiveCfg = Release|x64
		{27DCE7FD-EC60-49F7-9245-A39DE05E7056}.Release|x86.Build.0 = Release|x64
		{27DCE7FD-EC60-49F7-9245-A39DE05E7056}.Release|x86.Deploy.0 = Release|x64
		{BF810292-3774-41A4-B51E-CEF92E26894A}.Debug|ARM64.ActiveCfg = Debug|x64
		{BF810292-3774-41A4-B51E-CEF92E26894A}.Debug|ARM64.Build.0 = Debug|x64
		{BF810292-3774-41A4-B51E-CEF92E26894A}.Debug|x64.ActiveCfg = Debug|x64
		{BF810292-3774-41A4-B51E-CEF92E26894A}.Debug|x64.Build.0 = Debug|x64
		{BF810292-3774-41A4-B51E-CEF92E26894A}.Debug|x86.ActiveCfg = Debug|Win32
		{BF810292-3774-41A4-B51E-CEF92E26894A}.Debug|x86.Build.0 = Debug|Win32
		{BF810292-3774-41A4-B51E-CEF92E26894A}.Release|ARM64.ActiveCfg = Release|x64
		{BF810292-3774-41A4-B51E-CEF92E26894A}.Release|ARM64.Build.0 = Release|x64
		{BF810292-3774-41A4-B51E-CEF92E26894A}.Release|x64.ActiveCfg = Release|x64
		{BF810292-3774-41A4-B51E-CEF92E26894A}.Release|x64.Build.0 = Release|x64
		{BF810292-3774-41A4-B51E-CEF92E26894A}.Release|x86.ActiveCfg = Release|Win32
		{BF810292-3774-41A4-B51E-CEF92E26894A}.Release|x86.Build.0 = Release|Win32
		{BD72F0C3-DBD8-4BA2-8FF9-7F357F9232B1}.Debug|ARM64.ActiveCfg = Debug|x64
		{BD72F0C3-DBD8-4BA2-8FF9-7F357F9232B1}.Debug|ARM64.Build.0 = Debug|x64
		{BD72F0C3-DBD8-4BA2-8FF9-7F357F9232B1}.Debug|x64.ActiveCfg = Debug|x64
		{BD72F0C3-DBD8-4BA2-8FF9-7F357F9232B1}.Debug|x64.Build.0 = Debug|x64
		{BD72F0C3-DBD8-4BA2-8FF9-7F357F9232B1}.Debug|x86.ActiveCfg = Debug|Win32
		{BD72F0C3-DBD8-4BA2-8FF9-7F357F9232B1}.Debug|x86.Build.0 = Debug|Win32
		{BD72F0C3-DBD8-4BA2-8FF9-7F357F9232B1}.Release|ARM64.ActiveCfg = Release|x64
		{BD72F0C3-DBD8-4BA2-8FF9-7F357F9232B1}.Release|ARM64.Build.0 = Release|x64
		{BD72F0C3-DBD8-4BA2-8FF9-7F357F9232B1}.Release|x64.ActiveCfg = Release|x64
		{BD72F0C3-DBD8-4BA2-8FF9-7F357F9232B1}.Release|x64.Build.0 = Release|x64
		{BD72F0C3-DBD8-4BA2-8FF9-7F357F9232B1}.Release|x86.ActiveCfg = Release|Win32
		{BD72F0C3-DBD8-4BA2-8FF9-7F357F9232B1}.Release|x86.Build.0 = Release|Win32
	EndGlobalSection
	GlobalSection(SolutionProperties) = preSolution
		HideSolutionNode = FALSE
	EndGlobalSection
	GlobalSection(ExtensibilityGlobals) = postSolution
		SolutionGuid = {EA991FDB-4D7B-4F75-B564-463A826AC12F}
	EndGlobalSection
EndGlobal
